// !$*UTF8*$!
{
	archiveVersion = 1;
	classes = {
	};
	objectVersion = 46;
	objects = {

/* Begin PBXBuildFile section */
		AC5106021D9DD642003051DE /* AppDelegate.swift in Sources */ = {isa = PBXBuildFile; fileRef = AC5106011D9DD642003051DE /* AppDelegate.swift */; };
		AC5106041D9DD642003051DE /* ViewController.swift in Sources */ = {isa = PBXBuildFile; fileRef = AC5106031D9DD642003051DE /* ViewController.swift */; };
		AC5106071D9DD642003051DE /* Main.storyboard in Resources */ = {isa = PBXBuildFile; fileRef = AC5106051D9DD642003051DE /* Main.storyboard */; };
		AC5106091D9DD642003051DE /* Assets.xcassets in Resources */ = {isa = PBXBuildFile; fileRef = AC5106081D9DD642003051DE /* Assets.xcassets */; };
		AC51060C1D9DD642003051DE /* LaunchScreen.storyboard in Resources */ = {isa = PBXBuildFile; fileRef = AC51060A1D9DD642003051DE /* LaunchScreen.storyboard */; };
		AC5106141D9DD763003051DE /* ListaTableViewController.swift in Sources */ = {isa = PBXBuildFile; fileRef = AC5106131D9DD763003051DE /* ListaTableViewController.swift */; };
		AC5106161D9DD7A7003051DE /* Aplicativo.swift in Sources */ = {isa = PBXBuildFile; fileRef = AC5106151D9DD7A7003051DE /* Aplicativo.swift */; };
/* End PBXBuildFile section */

/* Begin PBXFileReference section */
		AC5105FE1D9DD642003051DE /* Top 10 - Free App - Com TableView.app */ = {isa = PBXFileReference; explicitFileType = wrapper.application; includeInIndex = 0; path = "Top 10 - Free App - Com TableView.app"; sourceTree = BUILT_PRODUCTS_DIR; };
		AC5106011D9DD642003051DE /* AppDelegate.swift */ = {isa = PBXFileReference; lastKnownFileType = sourcecode.swift; path = AppDelegate.swift; sourceTree = "<group>"; };
		AC5106031D9DD642003051DE /* ViewController.swift */ = {isa = PBXFileReference; lastKnownFileType = sourcecode.swift; path = ViewController.swift; sourceTree = "<group>"; };
		AC5106061D9DD642003051DE /* Base */ = {isa = PBXFileReference; lastKnownFileType = file.storyboard; name = Base; path = Base.lproj/Main.storyboard; sourceTree = "<group>"; };
		AC5106081D9DD642003051DE /* Assets.xcassets */ = {isa = PBXFileReference; lastKnownFileType = folder.assetcatalog; path = Assets.xcassets; sourceTree = "<group>"; };
		AC51060B1D9DD642003051DE /* Base */ = {isa = PBXFileReference; lastKnownFileType = file.storyboard; name = Base; path = Base.lproj/LaunchScreen.storyboard; sourceTree = "<group>"; };
		AC51060D1D9DD642003051DE /* Info.plist */ = {isa = PBXFileReference; lastKnownFileType = text.plist.xml; path = Info.plist; sourceTree = "<group>"; };
		AC5106131D9DD763003051DE /* ListaTableViewController.swift */ = {isa = PBXFileReference; fileEncoding = 4; lastKnownFileType = sourcecode.swift; path = ListaTableViewController.swift; sourceTree = "<group>"; };
		AC5106151D9DD7A7003051DE /* Aplicativo.swift */ = {isa = PBXFileReference; fileEncoding = 4; lastKnownFileType = sourcecode.swift; path = Aplicativo.swift; sourceTree = "<group>"; };
/* End PBXFileReference section */

/* Begin PBXFrameworksBuildPhase section */
		AC5105FB1D9DD642003051DE /* Frameworks */ = {
			isa = PBXFrameworksBuildPhase;
			buildActionMask = 2147483647;
			files = (
			);
			runOnlyForDeploymentPostprocessing = 0;
		};
/* End PBXFrameworksBuildPhase section */

/* Begin PBXGroup section */
		AC5105F51D9DD642003051DE = {
			isa = PBXGroup;
			children = (
				AC5106001D9DD642003051DE /* Top 10 - Free App - Com TableView */,
				AC5105FF1D9DD642003051DE /* Products */,
			);
			sourceTree = "<group>";
		};
		AC5105FF1D9DD642003051DE /* Products */ = {
			isa = PBXGroup;
			children = (
				AC5105FE1D9DD642003051DE /* Top 10 - Free App - Com TableView.app */,
			);
			name = Products;
			sourceTree = "<group>";
		};
		AC5106001D9DD642003051DE /* Top 10 - Free App - Com TableView */ = {
			isa = PBXGroup;
			children = (
				AC5106011D9DD642003051DE /* AppDelegate.swift */,
				AC5106031D9DD642003051DE /* ViewController.swift */,
				AC5106051D9DD642003051DE /* Main.storyboard */,
				AC5106151D9DD7A7003051DE /* Aplicativo.swift */,
				AC5106131D9DD763003051DE /* ListaTableViewController.swift */,
				AC5106081D9DD642003051DE /* Assets.xcassets */,
				AC51060A1D9DD642003051DE /* LaunchScreen.storyboard */,
				AC51060D1D9DD642003051DE /* Info.plist */,
			);
			path = "Top 10 - Free App - Com TableView";
			sourceTree = "<group>";
		};
/* End PBXGroup section */

/* Begin PBXNativeTarget section */
		AC5105FD1D9DD642003051DE /* Top 10 - Free App - Com TableView */ = {
			isa = PBXNativeTarget;
			buildConfigurationList = AC5106101D9DD642003051DE /* Build configuration list for PBXNativeTarget "Top 10 - Free App - Com TableView" */;
			buildPhases = (
				AC5105FA1D9DD642003051DE /* Sources */,
				AC5105FB1D9DD642003051DE /* Frameworks */,
				AC5105FC1D9DD642003051DE /* Resources */,
			);
			buildRules = (
			);
			dependencies = (
			);
			name = "Top 10 - Free App - Com TableView";
			productName = "Top 10 - Free App - Com TableView";
			productReference = AC5105FE1D9DD642003051DE /* Top 10 - Free App - Com TableView.app */;
			productType = "com.apple.product-type.application";
		};
/* End PBXNativeTarget section */

/* Begin PBXProject section */
		AC5105F61D9DD642003051DE /* Project object */ = {
			isa = PBXProject;
			attributes = {
				LastSwiftUpdateCheck = 0730;
				LastUpgradeCheck = 0730;
				ORGANIZATIONNAME = "Usuário Convidado";
				TargetAttributes = {
					AC5105FD1D9DD642003051DE = {
						CreatedOnToolsVersion = 7.3.1;
					};
				};
			};
			buildConfigurationList = AC5105F91D9DD642003051DE /* Build configuration list for PBXProject "Top 10 - Free App - Com TableView" */;
			compatibilityVersion = "Xcode 3.2";
			developmentRegion = English;
			hasScannedForEncodings = 0;
			knownRegions = (
				en,
				Base,
			);
			mainGroup = AC5105F51D9DD642003051DE;
			productRefGroup = AC5105FF1D9DD642003051DE /* Products */;
			projectDirPath = "";
			projectRoot = "";
			targets = (
				AC5105FD1D9DD642003051DE /* Top 10 - Free App - Com TableView */,
			);
		};
/* End PBXProject section */

/* Begin PBXResourcesBuildPhase section */
		AC5105FC1D9DD642003051DE /* Resources */ = {
			isa = PBXResourcesBuildPhase;
			buildActionMask = 2147483647;
			files = (
				AC51060C1D9DD642003051DE /* LaunchScreen.storyboard in Resources */,
				AC5106091D9DD642003051DE /* Assets.xcassets in Resources */,
				AC5106071D9DD642003051DE /* Main.storyboard in Resources */,
			);
			runOnlyForDeploymentPostprocessing = 0;
		};
/* End PBXResourcesBuildPhase section */

/* Begin PBXSourcesBuildPhase section */
		AC5105FA1D9DD642003051DE /* Sources */ = {
			isa = PBXSourcesBuildPhase;
			buildActionMask = 2147483647;
			files = (
				AC5106041D9DD642003051DE /* ViewController.swift in Sources */,
				AC5106021D9DD642003051DE /* AppDelegate.swift in Sources */,
				AC5106141D9DD763003051DE /* ListaTableViewController.swift in Sources */,
				AC5106161D9DD7A7003051DE /* Aplicativo.swift in Sources */,
			);
			runOnlyForDeploymentPostprocessing = 0;
		};
/* End PBXSourcesBuildPhase section */

/* Begin PBXVariantGroup section */
		AC5106051D9DD642003051DE /* Main.storyboard */ = {
			isa = PBXVariantGroup;
			children = (
				AC5106061D9DD642003051DE /* Base */,
			);
			name = Main.storyboard;
			sourceTree = "<group>";
		};
		AC51060A1D9DD642003051DE /* LaunchScreen.storyboard */ = {
			isa = PBXVariantGroup;
			children = (
				AC51060B1D9DD642003051DE /* Base */,
			);
			name = LaunchScreen.storyboard;
			sourceTree = "<group>";
		};
/* End PBXVariantGroup section */

/* Begin XCBuildConfiguration section */
		AC51060E1D9DD642003051DE /* Debug */ = {
			isa = XCBuildConfiguration;
			buildSettings = {
				ALWAYS_SEARCH_USER_PATHS = NO;
				CLANG_ANALYZER_NONNULL = YES;
				CLANG_CXX_LANGUAGE_STANDARD = "gnu++0x";
				CLANG_CXX_LIBRARY = "libc++";
				CLANG_ENABLE_MODULES = YES;
				CLANG_ENABLE_OBJC_ARC = YES;
				CLANG_WARN_BOOL_CONVERSION = YES;
				CLANG_WARN_CONSTANT_CONVERSION = YES;
				CLANG_WARN_DIRECT_OBJC_ISA_USAGE = YES_ERROR;
				CLANG_WARN_EMPTY_BODY = YES;
				CLANG_WARN_ENUM_CONVERSION = YES;
				CLANG_WARN_INT_CONVERSION = YES;
				CLANG_WARN_OBJC_ROOT_CLASS = YES_ERROR;
				CLANG_WARN_UNREACHABLE_CODE = YES;
				CLANG_WARN__DUPLICATE_METHOD_MATCH = YES;
				"CODE_SIGN_IDENTITY[sdk=iphoneos*]" = "iPhone Developer";
				COPY_PHASE_STRIP = NO;
				DEBUG_INFORMATION_FORMAT = dwarf;
				ENABLE_STRICT_OBJC_MSGSEND = YES;
				ENABLE_TESTABILITY = YES;
				GCC_C_LANGUAGE_STANDARD = gnu99;
				GCC_DYNAMIC_NO_PIC = NO;
				GCC_NO_COMMON_BLOCKS = YES;
				GCC_OPTIMIZATION_LEVEL = 0;
				GCC_PREPROCESSOR_DEFINITIONS = (
					"DEBUG=1",
					"$(inherited)",
				);
				GCC_WARN_64_TO_32_BIT_CONVERSION = YES;
				GCC_WARN_ABOUT_RETURN_TYPE = YES_ERROR;
				GCC_WARN_UNDECLARED_SELECTOR = YES;
				GCC_WARN_UNINITIALIZED_AUTOS = YES_AGGRESSIVE;
				GCC_WARN_UNUSED_FUNCTION = YES;
				GCC_WARN_UNUSED_VARIABLE = YES;
				IPHONEOS_DEPLOYMENT_TARGET = 9.3;
				MTL_ENABLE_DEBUG_INFO = YES;
				ONLY_ACTIVE_ARCH = YES;
				SDKROOT = iphoneos;
				SWIFT_OPTIMIZATION_LEVEL = "-Onone";
			};
			name = Debug;
		};
		AC51060F1D9DD642003051DE /* Release */ = {
			isa = XCBuildConfiguration;
			buildSettings = {
				ALWAYS_SEARCH_USER_PATHS = NO;
				CLANG_ANALYZER_NONNULL = YES;
				CLANG_CXX_LANGUAGE_STANDARD = "gnu++0x";
				CLANG_CXX_LIBRARY = "libc++";
				CLANG_ENABLE_MODULES = YES;
				CLANG_ENABLE_OBJC_ARC = YES;
				CLANG_WARN_BOOL_CONVERSION = YES;
				CLANG_WARN_CONSTANT_CONVERSION = YES;
				CLANG_WARN_DIRECT_OBJC_ISA_USAGE = YES_ERROR;
				CLANG_WARN_EMPTY_BODY = YES;
				CLANG_WARN_ENUM_CONVERSION = YES;
				CLANG_WARN_INT_CONVERSION = YES;
				CLANG_WARN_OBJC_ROOT_CLASS = YES_ERROR;
				CLANG_WARN_UNREACHABLE_CODE = YES;
				CLANG_WARN__DUPLICATE_METHOD_MATCH = YES;
				"CODE_SIGN_IDENTITY[sdk=iphoneos*]" = "iPhone Developer";
				COPY_PHASE_STRIP = NO;
				DEBUG_INFORMATION_FORMAT = "dwarf-with-dsym";
				ENABLE_NS_ASSERTIONS = NO;
				ENABLE_STRICT_OBJC_MSGSEND = YES;
				GCC_C_LANGUAGE_STANDARD = gnu99;
				GCC_NO_COMMON_BLOCKS = YES;
				GCC_WARN_64_TO_32_BIT_CONVERSION = YES;
				GCC_WARN_ABOUT_RETURN_TYPE = YES_ERROR;
				GCC_WARN_UNDECLARED_SELECTOR = YES;
				GCC_WARN_UNINITIALIZED_AUTOS = YES_AGGRESSIVE;
				GCC_WARN_UNUSED_FUNCTION = YES;
				GCC_WARN_UNUSED_VARIABLE = YES;
				IPHONEOS_DEPLOYMENT_TARGET = 9.3;
				MTL_ENABLE_DEBUG_INFO = NO;
				SDKROOT = iphoneos;
				VALIDATE_PRODUCT = YES;
			};
			name = Release;
		};
		AC5106111D9DD642003051DE /* Debug */ = {
			isa = XCBuildConfiguration;
			buildSettings = {
				ASSETCATALOG_COMPILER_APPICON_NAME = AppIcon;
				INFOPLIST_FILE = "Top 10 - Free App - Com TableView/Info.plist";
				LD_RUNPATH_SEARCH_PATHS = "$(inherited) @executable_path/Frameworks";
				PRODUCT_BUNDLE_IDENTIFIER = "com.fiap.Top-10---Free-App---Com-TableView";
				PRODUCT_NAME = "$(TARGET_NAME)";
			};
			name = Debug;
		};
		AC5106121D9DD642003051DE /* Release */ = {
			isa = XCBuildConfiguration;
			buildSettings = {
				ASSETCATALOG_COMPILER_APPICON_NAME = AppIcon;
				INFOPLIST_FILE = "Top 10 - Free App - Com TableView/Info.plist";
				LD_RUNPATH_SEARCH_PATHS = "$(inherited) @executable_path/Frameworks";
				PRODUCT_BUNDLE_IDENTIFIER = "com.fiap.Top-10---Free-App---Com-TableView";
				PRODUCT_NAME = "$(TARGET_NAME)";
			};
			name = Release;
		};
/* End XCBuildConfiguration section */

/* Begin XCConfigurationList section */
		AC5105F91D9DD642003051DE /* Build configuration list for PBXProject "Top 10 - Free App - Com TableView" */ = {
			isa = XCConfigurationList;
			buildConfigurations = (
				AC51060E1D9DD642003051DE /* Debug */,
				AC51060F1D9DD642003051DE /* Release */,
			);
			defaultConfigurationIsVisible = 0;
			defaultConfigurationName = Release;
		};
		AC5106101D9DD642003051DE /* Build configuration list for PBXNativeTarget "Top 10 - Free App - Com TableView" */ = {
			isa = XCConfigurationList;
			buildConfigurations = (
				AC5106111D9DD642003051DE /* Debug */,
				AC5106121D9DD642003051DE /* Release */,
			);
			defaultConfigurationIsVisible = 0;
		};
/* End XCConfigurationList section */
	};
	rootObject = AC5105F61D9DD642003051DE /* Project object */;
}
